
Microsoft Visual Studio Solution File, Format Version 12.00
# Visual Studio Version 16
VisualStudioVersion = 16.0.31624.102
MinimumVisualStudioVersion = 10.0.40219.1
Project("{FAE04EC0-301F-11D3-BF4B-00C04F79EFBC}") = "Asignacion-semana10", "Asignacion-semana10\Asignacion-semana10.csproj", "{38D4A41A-A03F-4C42-9DFB-9B269FF2AAA5}"
EndProject
Global
	GlobalSection(SolutionConfigurationPlatforms) = preSolution
		Debug|Any CPU = Debug|Any CPU
		Release|Any CPU = Release|Any CPU
	EndGlobalSection
	GlobalSection(ProjectConfigurationPlatforms) = postSolution
		{38D4A41A-A03F-4C42-9DFB-9B269FF2AAA5}.Debug|Any CPU.ActiveCfg = Debug|Any CPU
		{38D4A41A-A03F-4C42-9DFB-9B269FF2AAA5}.Debug|Any CPU.Build.0 = Debug|Any CPU
		{38D4A41A-A03F-4C42-9DFB-9B269FF2AAA5}.Release|Any CPU.ActiveCfg = Release|Any CPU
		{38D4A41A-A03F-4C42-9DFB-9B269FF2AAA5}.Release|Any CPU.Build.0 = Release|Any CPU
	EndGlobalSection
	GlobalSection(SolutionProperties) = preSolution
		HideSolutionNode = FALSE
	EndGlobalSection
	GlobalSection(ExtensibilityGlobals) = postSolution
		SolutionGuid = {7CDCF156-4645-4711-93F7-EBDE9DB64967}
	EndGlobalSection
EndGlobal
